
Microsoft Visual Studio Solution File, Format Version 12.00
# Visual Studio Version 17
VisualStudioVersion = 17.2.32630.192
MinimumVisualStudioVersion = 10.0.40219.1
Project("{9A19103F-16F7-4668-BE54-9A1E7A4F7556}") = "WinFormsApp", "WinFormsApp\WinFormsApp.csproj", "{4AE41C10-7546-475F-B3A4-6F8E347C066A}"
EndProject
Project("{9A19103F-16F7-4668-BE54-9A1E7A4F7556}") = "BEBackendLib", "..\..\..\Lib\NetCore\CSBackendLib\CSBackendLib\BEBackendLib.csproj", "{6725D6FE-04E3-49FF-9B5E-66BA8EEBB438}"
EndProject
Global
	GlobalSection(SolutionConfigurationPlatforms) = preSolution
		Debug|Any CPU = Debug|Any CPU
		Release|Any CPU = Release|Any CPU
	EndGlobalSection
	GlobalSection(ProjectConfigurationPlatforms) = postSolution
		{4AE41C10-7546-475F-B3A4-6F8E347C066A}.Debug|Any CPU.ActiveCfg = Debug|Any CPU
		{4AE41C10-7546-475F-B3A4-6F8E347C066A}.Debug|Any CPU.Build.0 = Debug|Any CPU
		{4AE41C10-7546-475F-B3A4-6F8E347C066A}.Release|Any CPU.ActiveCfg = Release|Any CPU
		{4AE41C10-7546-475F-B3A4-6F8E347C066A}.Release|Any CPU.Build.0 = Release|Any CPU
		{6725D6FE-04E3-49FF-9B5E-66BA8EEBB438}.Debug|Any CPU.ActiveCfg = Debug|Any CPU
		{6725D6FE-04E3-49FF-9B5E-66BA8EEBB438}.Debug|Any CPU.Build.0 = Debug|Any CPU
		{6725D6FE-04E3-49FF-9B5E-66BA8EEBB438}.Release|Any CPU.ActiveCfg = Release|Any CPU
		{6725D6FE-04E3-49FF-9B5E-66BA8EEBB438}.Release|Any CPU.Build.0 = Release|Any CPU
	EndGlobalSection
	GlobalSection(SolutionProperties) = preSolution
		HideSolutionNode = FALSE
	EndGlobalSection
	GlobalSection(ExtensibilityGlobals) = postSolution
		SolutionGuid = {214321EF-8021-4820-AE7F-B69D02CBFA40}
	EndGlobalSection
EndGlobal
